// !$*UTF8*$!
{
	archiveVersion = 1;
	classes = {
	};
	objectVersion = 46;
	objects = {

/* Begin PBXBuildFile section */
		05AE7132FAD962BCB92525C0 /* ListPresenter.swift in Sources */ = {isa = PBXBuildFile; fileRef = 5DEF7C5A46EA7623323CEF2A /* ListPresenter.swift */; };
		067F91DFAEDADDF1D64A775C /* PopUpInteractorOutput.swift in Sources */ = {isa = PBXBuildFile; fileRef = EB2A405C3D29DA80ABA33177 /* PopUpInteractorOutput.swift */; };
		0B64972B2CC6EADCAB3396B6 /* AddViewOutput.swift in Sources */ = {isa = PBXBuildFile; fileRef = AC5C8A5D661CBBFC5450CD88 /* AddViewOutput.swift */; };
		10B3310F5874C3883A0FD665 /* PopUpModuleInput.swift in Sources */ = {isa = PBXBuildFile; fileRef = DCB88B044273CE80BFCA31CB /* PopUpModuleInput.swift */; };
		1267A92A36CE6DA490D2923C /* ListModuleInput.swift in Sources */ = {isa = PBXBuildFile; fileRef = 7B4A38D08A78E4ED3C8F2626 /* ListModuleInput.swift */; };
		15826581AB430575EBEEA4FA /* ListInteractorOutput.swift in Sources */ = {isa = PBXBuildFile; fileRef = DBCBEFBA2FF63E26CDC55709 /* ListInteractorOutput.swift */; };
		19A3376B3E7506AC5F16C450 /* ListRouterInput.swift in Sources */ = {isa = PBXBuildFile; fileRef = AF6E9258047096B6CEC24F64 /* ListRouterInput.swift */; };
		20B4E844E37803B62C7E6C7D /* AddPresenter.swift in Sources */ = {isa = PBXBuildFile; fileRef = 9DDCD469E99D4238ACC383EF /* AddPresenter.swift */; };
		27FBF2F1D2699DFABB60E3BF /* AddInteractorInput.swift in Sources */ = {isa = PBXBuildFile; fileRef = 781B197F77C7ADF0EB746368 /* AddInteractorInput.swift */; };
		2E8607CE039395D28CA0E928 /* PopUpInteractor.swift in Sources */ = {isa = PBXBuildFile; fileRef = 530D902FFEF26DA6C1A2C14D /* PopUpInteractor.swift */; };
		3E1FC443200735C190C5BCC2 /* PopUpRouter.swift in Sources */ = {isa = PBXBuildFile; fileRef = 4D269466B65E28C8C08324E9 /* PopUpRouter.swift */; };
		3EC50E3983664A18458F2829 /* PopUpViewInput.swift in Sources */ = {isa = PBXBuildFile; fileRef = CBEC851F7B1E3A529896B64C /* PopUpViewInput.swift */; };
		4391DBA392FAEE1DE4E9EDDD /* PopUpInteractorInput.swift in Sources */ = {isa = PBXBuildFile; fileRef = 37BD5930074934111BFBC218 /* PopUpInteractorInput.swift */; };
		4666B3E636FBA7CD0D2CC289 /* PopUpPresenter.swift in Sources */ = {isa = PBXBuildFile; fileRef = DBE2AF1E3FCE1BF32BA9CEF6 /* PopUpPresenter.swift */; };
		46A2B9C63056677C91083151 /* ListViewInput.swift in Sources */ = {isa = PBXBuildFile; fileRef = 45073C5C6D86D5D4D32D2555 /* ListViewInput.swift */; };
		4E686FA6CBE2B9D9DDF0DBEB /* ListInteractorInput.swift in Sources */ = {isa = PBXBuildFile; fileRef = 354B9214D83B320ED090ACE5 /* ListInteractorInput.swift */; };
		5055E0E720AD41A6ECDFBFEF /* AddViewInput.swift in Sources */ = {isa = PBXBuildFile; fileRef = 021D9FD0ADF7A2C3BB6ADE39 /* AddViewInput.swift */; };
		5B6774461F22C025A3232909 /* ListViewController.swift in Sources */ = {isa = PBXBuildFile; fileRef = 2D82F8D3AE7A71C06F7E3A0F /* ListViewController.swift */; };
		6439A24F5C13FEBC0713ED85 /* Pods_TestTask.framework in Frameworks */ = {isa = PBXBuildFile; fileRef = 816CEB533AFC10EC0B3DCE99 /* Pods_TestTask.framework */; };
		79E9353FC9AD7BF7A6BBB970 /* AddInteractorOutput.swift in Sources */ = {isa = PBXBuildFile; fileRef = 6E53CAA8DBA656A932A8340B /* AddInteractorOutput.swift */; };
		7FC64DB8A2B6E30735F39CAF /* PopUpViewOutput.swift in Sources */ = {isa = PBXBuildFile; fileRef = 4CC6DC1CC0AD4C8F44CACE3D /* PopUpViewOutput.swift */; };
		814A307868C1B05221EB4BDE /* ListInitializer.swift in Sources */ = {isa = PBXBuildFile; fileRef = F69C710F1CC1559228480FBF /* ListInitializer.swift */; };
		844D2808A4ABA35FA3AA98DD /* PopUpConfigurator.swift in Sources */ = {isa = PBXBuildFile; fileRef = 702B022A0FD24E54197B6EC6 /* PopUpConfigurator.swift */; };
		85E10D66962D54489AE43EC5 /* ListConfigurator.swift in Sources */ = {isa = PBXBuildFile; fileRef = 57BEB8A962ECF8241311126F /* ListConfigurator.swift */; };
		887A5B0506A34EE9583EB108 /* AddModuleInput.swift in Sources */ = {isa = PBXBuildFile; fileRef = 458B46BC46009AEE08AB8F37 /* AddModuleInput.swift */; };
		8C2B680FB111144EB4A00AD8 /* PopUpRouterInput.swift in Sources */ = {isa = PBXBuildFile; fileRef = A468AC31AB7B814B4CFCAE81 /* PopUpRouterInput.swift */; };
		8CAB973AB7002B11E460E0AE /* ListInteractor.swift in Sources */ = {isa = PBXBuildFile; fileRef = 0D230D41F92D77962A8212FD /* ListInteractor.swift */; };
		8DE5BC08D498F06FE0906A1F /* ListRouter.swift in Sources */ = {isa = PBXBuildFile; fileRef = BB6E854E8C0269AA9AD98AE2 /* ListRouter.swift */; };
		91119A6A8F80B4B1C4825EB4 /* AddInitializer.swift in Sources */ = {isa = PBXBuildFile; fileRef = 0D21A414F9FB699C788F2017 /* AddInitializer.swift */; };
		9AB64DDE1DDDE20F0061D992 /* AppDelegate.swift in Sources */ = {isa = PBXBuildFile; fileRef = 9AB64DDD1DDDE20F0061D992 /* AppDelegate.swift */; };
		9AB64DE31DDDE20F0061D992 /* Main.storyboard in Resources */ = {isa = PBXBuildFile; fileRef = 9AB64DE11DDDE20F0061D992 /* Main.storyboard */; };
		9AB64DE51DDDE20F0061D992 /* Assets.xcassets in Resources */ = {isa = PBXBuildFile; fileRef = 9AB64DE41DDDE20F0061D992 /* Assets.xcassets */; };
		9AB64DE81DDDE20F0061D992 /* LaunchScreen.storyboard in Resources */ = {isa = PBXBuildFile; fileRef = 9AB64DE61DDDE20F0061D992 /* LaunchScreen.storyboard */; };
		9AB64DF31DDDE20F0061D992 /* TestTaskTests.swift in Sources */ = {isa = PBXBuildFile; fileRef = 9AB64DF21DDDE20F0061D992 /* TestTaskTests.swift */; };
		9AB64DFE1DDDE20F0061D992 /* TestTaskUITests.swift in Sources */ = {isa = PBXBuildFile; fileRef = 9AB64DFD1DDDE20F0061D992 /* TestTaskUITests.swift */; };
		9AB64E0D1DDDEC7E0061D992 /* CustomCell.xib in Resources */ = {isa = PBXBuildFile; fileRef = 9AB64E0C1DDDEC7E0061D992 /* CustomCell.xib */; };
		9AB64E0F1DDDECEA0061D992 /* CustomCell.swift in Sources */ = {isa = PBXBuildFile; fileRef = 9AB64E0E1DDDECEA0061D992 /* CustomCell.swift */; };
		9AB64E121DDDF1310061D992 /* Note.swift in Sources */ = {isa = PBXBuildFile; fileRef = 9AB64E111DDDF1310061D992 /* Note.swift */; };
		9AB64E141DDE0AA40061D992 /* TransitionHandler.swift in Sources */ = {isa = PBXBuildFile; fileRef = 9AB64E131DDE0AA40061D992 /* TransitionHandler.swift */; };
		9AB64E171DE2DFD80061D992 /* View.xib in Resources */ = {isa = PBXBuildFile; fileRef = 9AB64E161DE2DFD80061D992 /* View.xib */; };
		9AB64E191DE2EC430061D992 /* CustomView.swift in Sources */ = {isa = PBXBuildFile; fileRef = 9AB64E181DE2EC430061D992 /* CustomView.swift */; };
		9AB64E1D1DE4A5D10061D992 /* PopUpModuleOutput.swift in Sources */ = {isa = PBXBuildFile; fileRef = 9AB64E1C1DE4A5D10061D992 /* PopUpModuleOutput.swift */; };
		AD6E64D556FFB8722D2FE4F0 /* AddViewController.swift in Sources */ = {isa = PBXBuildFile; fileRef = 770A17D7513F2BFDDA8C1410 /* AddViewController.swift */; };
		B31C45E33B9A9A0155079E3C /* AddRouter.swift in Sources */ = {isa = PBXBuildFile; fileRef = 7A9383F2684A12C450407C70 /* AddRouter.swift */; };
		BB1CAF747E15CF257BB304F0 /* AddConfigurator.swift in Sources */ = {isa = PBXBuildFile; fileRef = D39B3EF41B92E0E50F23D384 /* AddConfigurator.swift */; };
		BBD9BB3EB521E0D2D3339553 /* ListViewOutput.swift in Sources */ = {isa = PBXBuildFile; fileRef = F34B513387E33C23BDEA86EF /* ListViewOutput.swift */; };
		C4ABF3CC5AC3EF58868AC0C7 /* PopUpInitializer.swift in Sources */ = {isa = PBXBuildFile; fileRef = 6C9D8898C8C6DBEDC4B7568D /* PopUpInitializer.swift */; };
		D3AB20C797EDB88119D091DE /* AddRouterInput.swift in Sources */ = {isa = PBXBuildFile; fileRef = 468FC877AF4D78D22F6067C4 /* AddRouterInput.swift */; };
		DA8A594908B1932851DA395F /* AddInteractor.swift in Sources */ = {isa = PBXBuildFile; fileRef = 850764CCD3813F8361EA5050 /* AddInteractor.swift */; };
		EA19EE1B2493BDC5109B7CC0 /* PopUpViewController.swift in Sources */ = {isa = PBXBuildFile; fileRef = F2D19F7AB39A3B2DC663AB68 /* PopUpViewController.swift */; };
/* End PBXBuildFile section */

/* Begin PBXContainerItemProxy section */
		9AB64DEF1DDDE20F0061D992 /* PBXContainerItemProxy */ = {
			isa = PBXContainerItemProxy;
			containerPortal = 9AB64DD21DDDE20F0061D992 /* Project object */;
			proxyType = 1;
			remoteGlobalIDString = 9AB64DD91DDDE20F0061D992;
			remoteInfo = TestTask;
		};
		9AB64DFA1DDDE20F0061D992 /* PBXContainerItemProxy */ = {
			isa = PBXContainerItemProxy;
			containerPortal = 9AB64DD21DDDE20F0061D992 /* Project object */;
			proxyType = 1;
			remoteGlobalIDString = 9AB64DD91DDDE20F0061D992;
			remoteInfo = TestTask;
		};
/* End PBXContainerItemProxy section */

/* Begin PBXFileReference section */
		021D9FD0ADF7A2C3BB6ADE39 /* AddViewInput.swift */ = {isa = PBXFileReference; includeInIndex = 1; lastKnownFileType = sourcecode.swift; path = AddViewInput.swift; sourceTree = "<group>"; };
		0D21A414F9FB699C788F2017 /* AddInitializer.swift */ = {isa = PBXFileReference; includeInIndex = 1; lastKnownFileType = sourcecode.swift; path = AddInitializer.swift; sourceTree = "<group>"; };
		0D230D41F92D77962A8212FD /* ListInteractor.swift */ = {isa = PBXFileReference; includeInIndex = 1; lastKnownFileType = sourcecode.swift; path = ListInteractor.swift; sourceTree = "<group>"; };
		2D82F8D3AE7A71C06F7E3A0F /* ListViewController.swift */ = {isa = PBXFileReference; includeInIndex = 1; lastKnownFileType = sourcecode.swift; path = ListViewController.swift; sourceTree = "<group>"; };
		354B9214D83B320ED090ACE5 /* ListInteractorInput.swift */ = {isa = PBXFileReference; includeInIndex = 1; lastKnownFileType = sourcecode.swift; path = ListInteractorInput.swift; sourceTree = "<group>"; };
		37BD5930074934111BFBC218 /* PopUpInteractorInput.swift */ = {isa = PBXFileReference; includeInIndex = 1; lastKnownFileType = sourcecode.swift; path = PopUpInteractorInput.swift; sourceTree = "<group>"; };
		45073C5C6D86D5D4D32D2555 /* ListViewInput.swift */ = {isa = PBXFileReference; includeInIndex = 1; lastKnownFileType = sourcecode.swift; path = ListViewInput.swift; sourceTree = "<group>"; };
		458B46BC46009AEE08AB8F37 /* AddModuleInput.swift */ = {isa = PBXFileReference; includeInIndex = 1; lastKnownFileType = sourcecode.swift; path = AddModuleInput.swift; sourceTree = "<group>"; };
		468FC877AF4D78D22F6067C4 /* AddRouterInput.swift */ = {isa = PBXFileReference; includeInIndex = 1; lastKnownFileType = sourcecode.swift; path = AddRouterInput.swift; sourceTree = "<group>"; };
		4CC6DC1CC0AD4C8F44CACE3D /* PopUpViewOutput.swift */ = {isa = PBXFileReference; includeInIndex = 1; lastKnownFileType = sourcecode.swift; path = PopUpViewOutput.swift; sourceTree = "<group>"; };
		4D269466B65E28C8C08324E9 /* PopUpRouter.swift */ = {isa = PBXFileReference; includeInIndex = 1; lastKnownFileType = sourcecode.swift; path = PopUpRouter.swift; sourceTree = "<group>"; };
		530D902FFEF26DA6C1A2C14D /* PopUpInteractor.swift */ = {isa = PBXFileReference; includeInIndex = 1; lastKnownFileType = sourcecode.swift; path = PopUpInteractor.swift; sourceTree = "<group>"; };
		57BEB8A962ECF8241311126F /* ListConfigurator.swift */ = {isa = PBXFileReference; includeInIndex = 1; lastKnownFileType = sourcecode.swift; path = ListConfigurator.swift; sourceTree = "<group>"; };
		5DEF7C5A46EA7623323CEF2A /* ListPresenter.swift */ = {isa = PBXFileReference; includeInIndex = 1; lastKnownFileType = sourcecode.swift; path = ListPresenter.swift; sourceTree = "<group>"; };
		6C9D8898C8C6DBEDC4B7568D /* PopUpInitializer.swift */ = {isa = PBXFileReference; includeInIndex = 1; lastKnownFileType = sourcecode.swift; path = PopUpInitializer.swift; sourceTree = "<group>"; };
		6E53CAA8DBA656A932A8340B /* AddInteractorOutput.swift */ = {isa = PBXFileReference; includeInIndex = 1; lastKnownFileType = sourcecode.swift; path = AddInteractorOutput.swift; sourceTree = "<group>"; };
		702B022A0FD24E54197B6EC6 /* PopUpConfigurator.swift */ = {isa = PBXFileReference; includeInIndex = 1; lastKnownFileType = sourcecode.swift; path = PopUpConfigurator.swift; sourceTree = "<group>"; };
		770A17D7513F2BFDDA8C1410 /* AddViewController.swift */ = {isa = PBXFileReference; includeInIndex = 1; lastKnownFileType = sourcecode.swift; path = AddViewController.swift; sourceTree = "<group>"; };
		781B197F77C7ADF0EB746368 /* AddInteractorInput.swift */ = {isa = PBXFileReference; includeInIndex = 1; lastKnownFileType = sourcecode.swift; path = AddInteractorInput.swift; sourceTree = "<group>"; };
		7A9383F2684A12C450407C70 /* AddRouter.swift */ = {isa = PBXFileReference; includeInIndex = 1; lastKnownFileType = sourcecode.swift; path = AddRouter.swift; sourceTree = "<group>"; };
		7B4A38D08A78E4ED3C8F2626 /* ListModuleInput.swift */ = {isa = PBXFileReference; includeInIndex = 1; lastKnownFileType = sourcecode.swift; path = ListModuleInput.swift; sourceTree = "<group>"; };
		816CEB533AFC10EC0B3DCE99 /* Pods_TestTask.framework */ = {isa = PBXFileReference; explicitFileType = wrapper.framework; includeInIndex = 0; path = Pods_TestTask.framework; sourceTree = BUILT_PRODUCTS_DIR; };
		850764CCD3813F8361EA5050 /* AddInteractor.swift */ = {isa = PBXFileReference; includeInIndex = 1; lastKnownFileType = sourcecode.swift; path = AddInteractor.swift; sourceTree = "<group>"; };
		9AB64DDA1DDDE20F0061D992 /* TestTask.app */ = {isa = PBXFileReference; explicitFileType = wrapper.application; includeInIndex = 0; path = TestTask.app; sourceTree = BUILT_PRODUCTS_DIR; };
		9AB64DDD1DDDE20F0061D992 /* AppDelegate.swift */ = {isa = PBXFileReference; lastKnownFileType = sourcecode.swift; path = AppDelegate.swift; sourceTree = "<group>"; };
		9AB64DE21DDDE20F0061D992 /* Base */ = {isa = PBXFileReference; lastKnownFileType = file.storyboard; name = Base; path = Base.lproj/Main.storyboard; sourceTree = "<group>"; };
		9AB64DE41DDDE20F0061D992 /* Assets.xcassets */ = {isa = PBXFileReference; lastKnownFileType = folder.assetcatalog; path = Assets.xcassets; sourceTree = "<group>"; };
		9AB64DE71DDDE20F0061D992 /* Base */ = {isa = PBXFileReference; lastKnownFileType = file.storyboard; name = Base; path = Base.lproj/LaunchScreen.storyboard; sourceTree = "<group>"; };
		9AB64DE91DDDE20F0061D992 /* Info.plist */ = {isa = PBXFileReference; lastKnownFileType = text.plist.xml; path = Info.plist; sourceTree = "<group>"; };
		9AB64DEE1DDDE20F0061D992 /* TestTaskTests.xctest */ = {isa = PBXFileReference; explicitFileType = wrapper.cfbundle; includeInIndex = 0; path = TestTaskTests.xctest; sourceTree = BUILT_PRODUCTS_DIR; };
		9AB64DF21DDDE20F0061D992 /* TestTaskTests.swift */ = {isa = PBXFileReference; lastKnownFileType = sourcecode.swift; path = TestTaskTests.swift; sourceTree = "<group>"; };
		9AB64DF41DDDE20F0061D992 /* Info.plist */ = {isa = PBXFileReference; lastKnownFileType = text.plist.xml; path = Info.plist; sourceTree = "<group>"; };
		9AB64DF91DDDE20F0061D992 /* TestTaskUITests.xctest */ = {isa = PBXFileReference; explicitFileType = wrapper.cfbundle; includeInIndex = 0; path = TestTaskUITests.xctest; sourceTree = BUILT_PRODUCTS_DIR; };
		9AB64DFD1DDDE20F0061D992 /* TestTaskUITests.swift */ = {isa = PBXFileReference; lastKnownFileType = sourcecode.swift; path = TestTaskUITests.swift; sourceTree = "<group>"; };
		9AB64DFF1DDDE20F0061D992 /* Info.plist */ = {isa = PBXFileReference; lastKnownFileType = text.plist.xml; path = Info.plist; sourceTree = "<group>"; };
		9AB64E0C1DDDEC7E0061D992 /* CustomCell.xib */ = {isa = PBXFileReference; fileEncoding = 4; lastKnownFileType = file.xib; path = CustomCell.xib; sourceTree = "<group>"; };
		9AB64E0E1DDDECEA0061D992 /* CustomCell.swift */ = {isa = PBXFileReference; fileEncoding = 4; lastKnownFileType = sourcecode.swift; path = CustomCell.swift; sourceTree = "<group>"; };
		9AB64E111DDDF1310061D992 /* Note.swift */ = {isa = PBXFileReference; fileEncoding = 4; lastKnownFileType = sourcecode.swift; path = Note.swift; sourceTree = "<group>"; };
		9AB64E131DDE0AA40061D992 /* TransitionHandler.swift */ = {isa = PBXFileReference; fileEncoding = 4; lastKnownFileType = sourcecode.swift; path = TransitionHandler.swift; sourceTree = "<group>"; };
		9AB64E161DE2DFD80061D992 /* View.xib */ = {isa = PBXFileReference; fileEncoding = 4; lastKnownFileType = file.xib; path = View.xib; sourceTree = "<group>"; };
		9AB64E181DE2EC430061D992 /* CustomView.swift */ = {isa = PBXFileReference; fileEncoding = 4; lastKnownFileType = sourcecode.swift; path = CustomView.swift; sourceTree = "<group>"; };
		9AB64E1C1DE4A5D10061D992 /* PopUpModuleOutput.swift */ = {isa = PBXFileReference; fileEncoding = 4; lastKnownFileType = sourcecode.swift; path = PopUpModuleOutput.swift; sourceTree = "<group>"; };
		9DDCD469E99D4238ACC383EF /* AddPresenter.swift */ = {isa = PBXFileReference; includeInIndex = 1; lastKnownFileType = sourcecode.swift; path = AddPresenter.swift; sourceTree = "<group>"; };
		A468AC31AB7B814B4CFCAE81 /* PopUpRouterInput.swift */ = {isa = PBXFileReference; includeInIndex = 1; lastKnownFileType = sourcecode.swift; path = PopUpRouterInput.swift; sourceTree = "<group>"; };
		AC5C8A5D661CBBFC5450CD88 /* AddViewOutput.swift */ = {isa = PBXFileReference; includeInIndex = 1; lastKnownFileType = sourcecode.swift; path = AddViewOutput.swift; sourceTree = "<group>"; };
		AF6E9258047096B6CEC24F64 /* ListRouterInput.swift */ = {isa = PBXFileReference; includeInIndex = 1; lastKnownFileType = sourcecode.swift; path = ListRouterInput.swift; sourceTree = "<group>"; };
		BB6E854E8C0269AA9AD98AE2 /* ListRouter.swift */ = {isa = PBXFileReference; includeInIndex = 1; lastKnownFileType = sourcecode.swift; path = ListRouter.swift; sourceTree = "<group>"; };
		CBEC851F7B1E3A529896B64C /* PopUpViewInput.swift */ = {isa = PBXFileReference; includeInIndex = 1; lastKnownFileType = sourcecode.swift; path = PopUpViewInput.swift; sourceTree = "<group>"; };
		D39B3EF41B92E0E50F23D384 /* AddConfigurator.swift */ = {isa = PBXFileReference; includeInIndex = 1; lastKnownFileType = sourcecode.swift; path = AddConfigurator.swift; sourceTree = "<group>"; };
		DBCBEFBA2FF63E26CDC55709 /* ListInteractorOutput.swift */ = {isa = PBXFileReference; includeInIndex = 1; lastKnownFileType = sourcecode.swift; path = ListInteractorOutput.swift; sourceTree = "<group>"; };
		DBE2AF1E3FCE1BF32BA9CEF6 /* PopUpPresenter.swift */ = {isa = PBXFileReference; includeInIndex = 1; lastKnownFileType = sourcecode.swift; path = PopUpPresenter.swift; sourceTree = "<group>"; };
		DC94BBC9D5D561C36CC66792 /* Pods-TestTask.debug.xcconfig */ = {isa = PBXFileReference; includeInIndex = 1; lastKnownFileType = text.xcconfig; name = "Pods-TestTask.debug.xcconfig"; path = "Pods/Target Support Files/Pods-TestTask/Pods-TestTask.debug.xcconfig"; sourceTree = "<group>"; };
		DCB88B044273CE80BFCA31CB /* PopUpModuleInput.swift */ = {isa = PBXFileReference; includeInIndex = 1; lastKnownFileType = sourcecode.swift; path = PopUpModuleInput.swift; sourceTree = "<group>"; };
		EB2A405C3D29DA80ABA33177 /* PopUpInteractorOutput.swift */ = {isa = PBXFileReference; includeInIndex = 1; lastKnownFileType = sourcecode.swift; path = PopUpInteractorOutput.swift; sourceTree = "<group>"; };
		F1156AF7BEFAB83EA2E850C5 /* Pods-TestTask.release.xcconfig */ = {isa = PBXFileReference; includeInIndex = 1; lastKnownFileType = text.xcconfig; name = "Pods-TestTask.release.xcconfig"; path = "Pods/Target Support Files/Pods-TestTask/Pods-TestTask.release.xcconfig"; sourceTree = "<group>"; };
		F2D19F7AB39A3B2DC663AB68 /* PopUpViewController.swift */ = {isa = PBXFileReference; includeInIndex = 1; lastKnownFileType = sourcecode.swift; path = PopUpViewController.swift; sourceTree = "<group>"; };
		F34B513387E33C23BDEA86EF /* ListViewOutput.swift */ = {isa = PBXFileReference; includeInIndex = 1; lastKnownFileType = sourcecode.swift; path = ListViewOutput.swift; sourceTree = "<group>"; };
		F69C710F1CC1559228480FBF /* ListInitializer.swift */ = {isa = PBXFileReference; includeInIndex = 1; lastKnownFileType = sourcecode.swift; path = ListInitializer.swift; sourceTree = "<group>"; };
/* End PBXFileReference section */

/* Begin PBXFrameworksBuildPhase section */
		9AB64DD71DDDE20F0061D992 /* Frameworks */ = {
			isa = PBXFrameworksBuildPhase;
			buildActionMask = 2147483647;
			files = (
				6439A24F5C13FEBC0713ED85 /* Pods_TestTask.framework in Frameworks */,
			);
			runOnlyForDeploymentPostprocessing = 0;
		};
		9AB64DEB1DDDE20F0061D992 /* Frameworks */ = {
			isa = PBXFrameworksBuildPhase;
			buildActionMask = 2147483647;
			files = (
			);
			runOnlyForDeploymentPostprocessing = 0;
		};
		9AB64DF61DDDE20F0061D992 /* Frameworks */ = {
			isa = PBXFrameworksBuildPhase;
			buildActionMask = 2147483647;
			files = (
			);
			runOnlyForDeploymentPostprocessing = 0;
		};
/* End PBXFrameworksBuildPhase section */

/* Begin PBXGroup section */
		0F364130B03680F86A6164EC /* Configurator */ = {
			isa = PBXGroup;
			children = (
				57BEB8A962ECF8241311126F /* ListConfigurator.swift */,
				F69C710F1CC1559228480FBF /* ListInitializer.swift */,
			);
			path = Configurator;
			sourceTree = "<group>";
		};
		11A6983FF89789FDC5845087 /* Modules */ = {
			isa = PBXGroup;
			children = (
				EC197E4161B4280495FDFF67 /* PopUp */,
				5C5DFB1D3D96D9D6324E5BFE /* List */,
				AD345B5C29E576F9B6366FE2 /* Add */,
			);
			name = Modules;
			path = ../Modules;
			sourceTree = "<group>";
		};
		2F7C1A7F1EDA5D18014A4DAB /* View */ = {
			isa = PBXGroup;
			children = (
				CBEC851F7B1E3A529896B64C /* PopUpViewInput.swift */,
				4CC6DC1CC0AD4C8F44CACE3D /* PopUpViewOutput.swift */,
				F2D19F7AB39A3B2DC663AB68 /* PopUpViewController.swift */,
			);
			path = View;
			sourceTree = "<group>";
		};
		399945947F6A6E0318B29F0D /* Router */ = {
			isa = PBXGroup;
			children = (
				AF6E9258047096B6CEC24F64 /* ListRouterInput.swift */,
				BB6E854E8C0269AA9AD98AE2 /* ListRouter.swift */,
			);
			path = Router;
			sourceTree = "<group>";
		};
		408E96B6AD12312402ADCDA3 /* Presenter */ = {
			isa = PBXGroup;
			children = (
				458B46BC46009AEE08AB8F37 /* AddModuleInput.swift */,
				9DDCD469E99D4238ACC383EF /* AddPresenter.swift */,
			);
			path = Presenter;
			sourceTree = "<group>";
		};
		5C5DFB1D3D96D9D6324E5BFE /* List */ = {
			isa = PBXGroup;
			children = (
				7AA8E774067ECC9C4DA94777 /* View */,
				71217F8541D6EEA4B2B41A59 /* Presenter */,
				B2F2972B5DC51ADC71600C0E /* Interactor */,
				399945947F6A6E0318B29F0D /* Router */,
				0F364130B03680F86A6164EC /* Configurator */,
			);
			path = List;
			sourceTree = "<group>";
		};
		5FF049C4CDFC2103BBA8570D /* Frameworks */ = {
			isa = PBXGroup;
			children = (
				816CEB533AFC10EC0B3DCE99 /* Pods_TestTask.framework */,
			);
			name = Frameworks;
			sourceTree = "<group>";
		};
		6510682E21C7E96831951819 /* Pods */ = {
			isa = PBXGroup;
			children = (
				DC94BBC9D5D561C36CC66792 /* Pods-TestTask.debug.xcconfig */,
				F1156AF7BEFAB83EA2E850C5 /* Pods-TestTask.release.xcconfig */,
			);
			name = Pods;
			sourceTree = "<group>";
		};
		682BBD20BF8793853E315AFB /* Presenter */ = {
			isa = PBXGroup;
			children = (
				DCB88B044273CE80BFCA31CB /* PopUpModuleInput.swift */,
				DBE2AF1E3FCE1BF32BA9CEF6 /* PopUpPresenter.swift */,
				9AB64E1C1DE4A5D10061D992 /* PopUpModuleOutput.swift */,
			);
			path = Presenter;
			sourceTree = "<group>";
		};
		6A6B659D1DCE61D28D3867E2 /* Interactor */ = {
			isa = PBXGroup;
			children = (
				37BD5930074934111BFBC218 /* PopUpInteractorInput.swift */,
				EB2A405C3D29DA80ABA33177 /* PopUpInteractorOutput.swift */,
				530D902FFEF26DA6C1A2C14D /* PopUpInteractor.swift */,
			);
			path = Interactor;
			sourceTree = "<group>";
		};
		71217F8541D6EEA4B2B41A59 /* Presenter */ = {
			isa = PBXGroup;
			children = (
				7B4A38D08A78E4ED3C8F2626 /* ListModuleInput.swift */,
				5DEF7C5A46EA7623323CEF2A /* ListPresenter.swift */,
			);
			path = Presenter;
			sourceTree = "<group>";
		};
		7200263B14EC2272E25C850B /* Configurator */ = {
			isa = PBXGroup;
			children = (
				702B022A0FD24E54197B6EC6 /* PopUpConfigurator.swift */,
				6C9D8898C8C6DBEDC4B7568D /* PopUpInitializer.swift */,
			);
			path = Configurator;
			sourceTree = "<group>";
		};
		7AA8E774067ECC9C4DA94777 /* View */ = {
			isa = PBXGroup;
			children = (
				9AB64E0B1DDDEBE90061D992 /* CustomCell */,
				45073C5C6D86D5D4D32D2555 /* ListViewInput.swift */,
				F34B513387E33C23BDEA86EF /* ListViewOutput.swift */,
				2D82F8D3AE7A71C06F7E3A0F /* ListViewController.swift */,
			);
			path = View;
			sourceTree = "<group>";
		};
		89FADF067C022576D9FFC082 /* Configurator */ = {
			isa = PBXGroup;
			children = (
				D39B3EF41B92E0E50F23D384 /* AddConfigurator.swift */,
				0D21A414F9FB699C788F2017 /* AddInitializer.swift */,
			);
			path = Configurator;
			sourceTree = "<group>";
		};
		94014A2B52EED3200B0F3519 /* Router */ = {
			isa = PBXGroup;
			children = (
				468FC877AF4D78D22F6067C4 /* AddRouterInput.swift */,
				7A9383F2684A12C450407C70 /* AddRouter.swift */,
			);
			path = Router;
			sourceTree = "<group>";
		};
		9AB64DD11DDDE20F0061D992 = {
			isa = PBXGroup;
			children = (
				9AB64DDC1DDDE20F0061D992 /* TestTask */,
				9AB64DF11DDDE20F0061D992 /* TestTaskTests */,
				9AB64DFC1DDDE20F0061D992 /* TestTaskUITests */,
				9AB64DDB1DDDE20F0061D992 /* Products */,
				6510682E21C7E96831951819 /* Pods */,
				5FF049C4CDFC2103BBA8570D /* Frameworks */,
			);
			sourceTree = "<group>";
		};
		9AB64DDB1DDDE20F0061D992 /* Products */ = {
			isa = PBXGroup;
			children = (
				9AB64DDA1DDDE20F0061D992 /* TestTask.app */,
				9AB64DEE1DDDE20F0061D992 /* TestTaskTests.xctest */,
				9AB64DF91DDDE20F0061D992 /* TestTaskUITests.xctest */,
			);
			name = Products;
			sourceTree = "<group>";
		};
		9AB64DDC1DDDE20F0061D992 /* TestTask */ = {
			isa = PBXGroup;
			children = (
				9AB64E151DE2DFC60061D992 /* CustomView */,
				9AB64E131DDE0AA40061D992 /* TransitionHandler.swift */,
				9AB64E101DDDF11D0061D992 /* Entety */,
				11A6983FF89789FDC5845087 /* Modules */,
				9AB64DDD1DDDE20F0061D992 /* AppDelegate.swift */,
				9AB64DE11DDDE20F0061D992 /* Main.storyboard */,
				9AB64DE41DDDE20F0061D992 /* Assets.xcassets */,
				9AB64DE61DDDE20F0061D992 /* LaunchScreen.storyboard */,
				9AB64DE91DDDE20F0061D992 /* Info.plist */,
			);
			path = TestTask;
			sourceTree = "<group>";
		};
		9AB64DF11DDDE20F0061D992 /* TestTaskTests */ = {
			isa = PBXGroup;
			children = (
				9AB64DF21DDDE20F0061D992 /* TestTaskTests.swift */,
				9AB64DF41DDDE20F0061D992 /* Info.plist */,
			);
			path = TestTaskTests;
			sourceTree = "<group>";
		};
		9AB64DFC1DDDE20F0061D992 /* TestTaskUITests */ = {
			isa = PBXGroup;
			children = (
				9AB64DFD1DDDE20F0061D992 /* TestTaskUITests.swift */,
				9AB64DFF1DDDE20F0061D992 /* Info.plist */,
			);
			path = TestTaskUITests;
			sourceTree = "<group>";
		};
		9AB64E0B1DDDEBE90061D992 /* CustomCell */ = {
			isa = PBXGroup;
			children = (
				9AB64E0C1DDDEC7E0061D992 /* CustomCell.xib */,
				9AB64E0E1DDDECEA0061D992 /* CustomCell.swift */,
			);
			path = CustomCell;
			sourceTree = "<group>";
		};
		9AB64E101DDDF11D0061D992 /* Entety */ = {
			isa = PBXGroup;
			children = (
				9AB64E111DDDF1310061D992 /* Note.swift */,
			);
			path = Entety;
			sourceTree = "<group>";
		};
		9AB64E151DE2DFC60061D992 /* CustomView */ = {
			isa = PBXGroup;
			children = (
				9AB64E161DE2DFD80061D992 /* View.xib */,
				9AB64E181DE2EC430061D992 /* CustomView.swift */,
			);
			path = CustomView;
			sourceTree = "<group>";
		};
		A0FB21BF2C5917B35E5E0CD7 /* Router */ = {
			isa = PBXGroup;
			children = (
				A468AC31AB7B814B4CFCAE81 /* PopUpRouterInput.swift */,
				4D269466B65E28C8C08324E9 /* PopUpRouter.swift */,
			);
			path = Router;
			sourceTree = "<group>";
		};
		AD345B5C29E576F9B6366FE2 /* Add */ = {
			isa = PBXGroup;
			children = (
				AE5F62FC1045847E5EF6E1B8 /* View */,
				408E96B6AD12312402ADCDA3 /* Presenter */,
				D4E0C4CD037107A5FE829F58 /* Interactor */,
				94014A2B52EED3200B0F3519 /* Router */,
				89FADF067C022576D9FFC082 /* Configurator */,
			);
			path = Add;
			sourceTree = "<group>";
		};
		AE5F62FC1045847E5EF6E1B8 /* View */ = {
			isa = PBXGroup;
			children = (
				021D9FD0ADF7A2C3BB6ADE39 /* AddViewInput.swift */,
				AC5C8A5D661CBBFC5450CD88 /* AddViewOutput.swift */,
				770A17D7513F2BFDDA8C1410 /* AddViewController.swift */,
			);
			path = View;
			sourceTree = "<group>";
		};
		B2F2972B5DC51ADC71600C0E /* Interactor */ = {
			isa = PBXGroup;
			children = (
				354B9214D83B320ED090ACE5 /* ListInteractorInput.swift */,
				DBCBEFBA2FF63E26CDC55709 /* ListInteractorOutput.swift */,
				0D230D41F92D77962A8212FD /* ListInteractor.swift */,
			);
			path = Interactor;
			sourceTree = "<group>";
		};
		D4E0C4CD037107A5FE829F58 /* Interactor */ = {
			isa = PBXGroup;
			children = (
				781B197F77C7ADF0EB746368 /* AddInteractorInput.swift */,
				6E53CAA8DBA656A932A8340B /* AddInteractorOutput.swift */,
				850764CCD3813F8361EA5050 /* AddInteractor.swift */,
			);
			path = Interactor;
			sourceTree = "<group>";
		};
		EC197E4161B4280495FDFF67 /* PopUp */ = {
			isa = PBXGroup;
			children = (
				2F7C1A7F1EDA5D18014A4DAB /* View */,
				682BBD20BF8793853E315AFB /* Presenter */,
				6A6B659D1DCE61D28D3867E2 /* Interactor */,
				A0FB21BF2C5917B35E5E0CD7 /* Router */,
				7200263B14EC2272E25C850B /* Configurator */,
			);
			path = PopUp;
			sourceTree = "<group>";
		};
/* End PBXGroup section */

/* Begin PBXNativeTarget section */
		9AB64DD91DDDE20F0061D992 /* TestTask */ = {
			isa = PBXNativeTarget;
			buildConfigurationList = 9AB64E021DDDE20F0061D992 /* Build configuration list for PBXNativeTarget "TestTask" */;
			buildPhases = (
				442891DD960B780708814D67 /* [CP] Check Pods Manifest.lock */,
				9AB64DD61DDDE20F0061D992 /* Sources */,
				9AB64DD71DDDE20F0061D992 /* Frameworks */,
				9AB64DD81DDDE20F0061D992 /* Resources */,
				817BB54C5EB624D2117BF773 /* [CP] Embed Pods Frameworks */,
				4895DD7B8287A807BBB1B8A0 /* [CP] Copy Pods Resources */,
			);
			buildRules = (
			);
			dependencies = (
			);
			name = TestTask;
			productName = TestTask;
			productReference = 9AB64DDA1DDDE20F0061D992 /* TestTask.app */;
			productType = "com.apple.product-type.application";
		};
		9AB64DED1DDDE20F0061D992 /* TestTaskTests */ = {
			isa = PBXNativeTarget;
			buildConfigurationList = 9AB64E051DDDE20F0061D992 /* Build configuration list for PBXNativeTarget "TestTaskTests" */;
			buildPhases = (
				9AB64DEA1DDDE20F0061D992 /* Sources */,
				9AB64DEB1DDDE20F0061D992 /* Frameworks */,
				9AB64DEC1DDDE20F0061D992 /* Resources */,
			);
			buildRules = (
			);
			dependencies = (
				9AB64DF01DDDE20F0061D992 /* PBXTargetDependency */,
			);
			name = TestTaskTests;
			productName = TestTaskTests;
			productReference = 9AB64DEE1DDDE20F0061D992 /* TestTaskTests.xctest */;
			productType = "com.apple.product-type.bundle.unit-test";
		};
		9AB64DF81DDDE20F0061D992 /* TestTaskUITests */ = {
			isa = PBXNativeTarget;
			buildConfigurationList = 9AB64E081DDDE20F0061D992 /* Build configuration list for PBXNativeTarget "TestTaskUITests" */;
			buildPhases = (
				9AB64DF51DDDE20F0061D992 /* Sources */,
				9AB64DF61DDDE20F0061D992 /* Frameworks */,
				9AB64DF71DDDE20F0061D992 /* Resources */,
			);
			buildRules = (
			);
			dependencies = (
				9AB64DFB1DDDE20F0061D992 /* PBXTargetDependency */,
			);
			name = TestTaskUITests;
			productName = TestTaskUITests;
			productReference = 9AB64DF91DDDE20F0061D992 /* TestTaskUITests.xctest */;
			productType = "com.apple.product-type.bundle.ui-testing";
		};
/* End PBXNativeTarget section */

/* Begin PBXProject section */
		9AB64DD21DDDE20F0061D992 /* Project object */ = {
			isa = PBXProject;
			attributes = {
				LastSwiftUpdateCheck = 0800;
				LastUpgradeCheck = 0800;
				ORGANIZATIONNAME = Mac;
				TargetAttributes = {
					9AB64DD91DDDE20F0061D992 = {
						CreatedOnToolsVersion = 8.0;
						ProvisioningStyle = Automatic;
					};
					9AB64DED1DDDE20F0061D992 = {
						CreatedOnToolsVersion = 8.0;
						ProvisioningStyle = Automatic;
						TestTargetID = 9AB64DD91DDDE20F0061D992;
					};
					9AB64DF81DDDE20F0061D992 = {
						CreatedOnToolsVersion = 8.0;
						ProvisioningStyle = Automatic;
						TestTargetID = 9AB64DD91DDDE20F0061D992;
					};
				};
			};
			buildConfigurationList = 9AB64DD51DDDE20F0061D992 /* Build configuration list for PBXProject "TestTask" */;
			compatibilityVersion = "Xcode 3.2";
			developmentRegion = English;
			hasScannedForEncodings = 0;
			knownRegions = (
				en,
				Base,
			);
			mainGroup = 9AB64DD11DDDE20F0061D992;
			productRefGroup = 9AB64DDB1DDDE20F0061D992 /* Products */;
			projectDirPath = "";
			projectRoot = "";
			targets = (
				9AB64DD91DDDE20F0061D992 /* TestTask */,
				9AB64DED1DDDE20F0061D992 /* TestTaskTests */,
				9AB64DF81DDDE20F0061D992 /* TestTaskUITests */,
			);
		};
/* End PBXProject section */

/* Begin PBXResourcesBuildPhase section */
		9AB64DD81DDDE20F0061D992 /* Resources */ = {
			isa = PBXResourcesBuildPhase;
			buildActionMask = 2147483647;
			files = (
				9AB64DE81DDDE20F0061D992 /* LaunchScreen.storyboard in Resources */,
				9AB64E171DE2DFD80061D992 /* View.xib in Resources */,
				9AB64DE51DDDE20F0061D992 /* Assets.xcassets in Resources */,
				9AB64E0D1DDDEC7E0061D992 /* CustomCell.xib in Resources */,
				9AB64DE31DDDE20F0061D992 /* Main.storyboard in Resources */,
			);
			runOnlyForDeploymentPostprocessing = 0;
		};
		9AB64DEC1DDDE20F0061D992 /* Resources */ = {
			isa = PBXResourcesBuildPhase;
			buildActionMask = 2147483647;
			files = (
			);
			runOnlyForDeploymentPostprocessing = 0;
		};
		9AB64DF71DDDE20F0061D992 /* Resources */ = {
			isa = PBXResourcesBuildPhase;
			buildActionMask = 2147483647;
			files = (
			);
			runOnlyForDeploymentPostprocessing = 0;
		};
/* End PBXResourcesBuildPhase section */

/* Begin PBXShellScriptBuildPhase section */
		442891DD960B780708814D67 /* [CP] Check Pods Manifest.lock */ = {
			isa = PBXShellScriptBuildPhase;
			buildActionMask = 2147483647;
			files = (
			);
			inputPaths = (
			);
			name = "[CP] Check Pods Manifest.lock";
			outputPaths = (
			);
			runOnlyForDeploymentPostprocessing = 0;
			shellPath = /bin/sh;
			shellScript = "diff \"${PODS_ROOT}/../Podfile.lock\" \"${PODS_ROOT}/Manifest.lock\" > /dev/null\nif [ $? != 0 ] ; then\n    # print error to STDERR\n    echo \"error: The sandbox is not in sync with the Podfile.lock. Run 'pod install' or update your CocoaPods installation.\" >&2\n    exit 1\nfi\n";
			showEnvVarsInLog = 0;
		};
		4895DD7B8287A807BBB1B8A0 /* [CP] Copy Pods Resources */ = {
			isa = PBXShellScriptBuildPhase;
			buildActionMask = 2147483647;
			files = (
			);
			inputPaths = (
			);
			name = "[CP] Copy Pods Resources";
			outputPaths = (
			);
			runOnlyForDeploymentPostprocessing = 0;
			shellPath = /bin/sh;
			shellScript = "\"${SRCROOT}/Pods/Target Support Files/Pods-TestTask/Pods-TestTask-resources.sh\"\n";
			showEnvVarsInLog = 0;
		};
		817BB54C5EB624D2117BF773 /* [CP] Embed Pods Frameworks */ = {
			isa = PBXShellScriptBuildPhase;
			buildActionMask = 2147483647;
			files = (
			);
			inputPaths = (
			);
			name = "[CP] Embed Pods Frameworks";
			outputPaths = (
			);
			runOnlyForDeploymentPostprocessing = 0;
			shellPath = /bin/sh;
			shellScript = "\"${SRCROOT}/Pods/Target Support Files/Pods-TestTask/Pods-TestTask-frameworks.sh\"\n";
			showEnvVarsInLog = 0;
		};
/* End PBXShellScriptBuildPhase section */

/* Begin PBXSourcesBuildPhase section */
		9AB64DD61DDDE20F0061D992 /* Sources */ = {
			isa = PBXSourcesBuildPhase;
			buildActionMask = 2147483647;
			files = (
				9AB64DDE1DDDE20F0061D992 /* AppDelegate.swift in Sources */,
				5055E0E720AD41A6ECDFBFEF /* AddViewInput.swift in Sources */,
				0B64972B2CC6EADCAB3396B6 /* AddViewOutput.swift in Sources */,
				AD6E64D556FFB8722D2FE4F0 /* AddViewController.swift in Sources */,
				887A5B0506A34EE9583EB108 /* AddModuleInput.swift in Sources */,
				20B4E844E37803B62C7E6C7D /* AddPresenter.swift in Sources */,
				27FBF2F1D2699DFABB60E3BF /* AddInteractorInput.swift in Sources */,
				79E9353FC9AD7BF7A6BBB970 /* AddInteractorOutput.swift in Sources */,
				DA8A594908B1932851DA395F /* AddInteractor.swift in Sources */,
				D3AB20C797EDB88119D091DE /* AddRouterInput.swift in Sources */,
				9AB64E191DE2EC430061D992 /* CustomView.swift in Sources */,
				B31C45E33B9A9A0155079E3C /* AddRouter.swift in Sources */,
				9AB64E141DDE0AA40061D992 /* TransitionHandler.swift in Sources */,
				BB1CAF747E15CF257BB304F0 /* AddConfigurator.swift in Sources */,
				91119A6A8F80B4B1C4825EB4 /* AddInitializer.swift in Sources */,
				46A2B9C63056677C91083151 /* ListViewInput.swift in Sources */,
				9AB64E0F1DDDECEA0061D992 /* CustomCell.swift in Sources */,
				BBD9BB3EB521E0D2D3339553 /* ListViewOutput.swift in Sources */,
				5B6774461F22C025A3232909 /* ListViewController.swift in Sources */,
				1267A92A36CE6DA490D2923C /* ListModuleInput.swift in Sources */,
				05AE7132FAD962BCB92525C0 /* ListPresenter.swift in Sources */,
				4E686FA6CBE2B9D9DDF0DBEB /* ListInteractorInput.swift in Sources */,
				15826581AB430575EBEEA4FA /* ListInteractorOutput.swift in Sources */,
				8CAB973AB7002B11E460E0AE /* ListInteractor.swift in Sources */,
				19A3376B3E7506AC5F16C450 /* ListRouterInput.swift in Sources */,
				9AB64E121DDDF1310061D992 /* Note.swift in Sources */,
				8DE5BC08D498F06FE0906A1F /* ListRouter.swift in Sources */,
				85E10D66962D54489AE43EC5 /* ListConfigurator.swift in Sources */,
				814A307868C1B05221EB4BDE /* ListInitializer.swift in Sources */,
				3EC50E3983664A18458F2829 /* PopUpViewInput.swift in Sources */,
				7FC64DB8A2B6E30735F39CAF /* PopUpViewOutput.swift in Sources */,
				EA19EE1B2493BDC5109B7CC0 /* PopUpViewController.swift in Sources */,
				10B3310F5874C3883A0FD665 /* PopUpModuleInput.swift in Sources */,
				4666B3E636FBA7CD0D2CC289 /* PopUpPresenter.swift in Sources */,
				4391DBA392FAEE1DE4E9EDDD /* PopUpInteractorInput.swift in Sources */,
				067F91DFAEDADDF1D64A775C /* PopUpInteractorOutput.swift in Sources */,
				2E8607CE039395D28CA0E928 /* PopUpInteractor.swift in Sources */,
				9AB64E1D1DE4A5D10061D992 /* PopUpModuleOutput.swift in Sources */,
				8C2B680FB111144EB4A00AD8 /* PopUpRouterInput.swift in Sources */,
				3E1FC443200735C190C5BCC2 /* PopUpRouter.swift in Sources */,
				844D2808A4ABA35FA3AA98DD /* PopUpConfigurator.swift in Sources */,
				C4ABF3CC5AC3EF58868AC0C7 /* PopUpInitializer.swift in Sources */,
			);
			runOnlyForDeploymentPostprocessing = 0;
		};
		9AB64DEA1DDDE20F0061D992 /* Sources */ = {
			isa = PBXSourcesBuildPhase;
			buildActionMask = 2147483647;
			files = (
				9AB64DF31DDDE20F0061D992 /* TestTaskTests.swift in Sources */,
			);
			runOnlyForDeploymentPostprocessing = 0;
		};
		9AB64DF51DDDE20F0061D992 /* Sources */ = {
			isa = PBXSourcesBuildPhase;
			buildActionMask = 2147483647;
			files = (
				9AB64DFE1DDDE20F0061D992 /* TestTaskUITests.swift in Sources */,
			);
			runOnlyForDeploymentPostprocessing = 0;
		};
/* End PBXSourcesBuildPhase section */

/* Begin PBXTargetDependency section */
		9AB64DF01DDDE20F0061D992 /* PBXTargetDependency */ = {
			isa = PBXTargetDependency;
			target = 9AB64DD91DDDE20F0061D992 /* TestTask */;
			targetProxy = 9AB64DEF1DDDE20F0061D992 /* PBXContainerItemProxy */;
		};
		9AB64DFB1DDDE20F0061D992 /* PBXTargetDependency */ = {
			isa = PBXTargetDependency;
			target = 9AB64DD91DDDE20F0061D992 /* TestTask */;
			targetProxy = 9AB64DFA1DDDE20F0061D992 /* PBXContainerItemProxy */;
		};
/* End PBXTargetDependency section */

/* Begin PBXVariantGroup section */
		9AB64DE11DDDE20F0061D992 /* Main.storyboard */ = {
			isa = PBXVariantGroup;
			children = (
				9AB64DE21DDDE20F0061D992 /* Base */,
			);
			name = Main.storyboard;
			sourceTree = "<group>";
		};
		9AB64DE61DDDE20F0061D992 /* LaunchScreen.storyboard */ = {
			isa = PBXVariantGroup;
			children = (
				9AB64DE71DDDE20F0061D992 /* Base */,
			);
			name = LaunchScreen.storyboard;
			sourceTree = "<group>";
		};
/* End PBXVariantGroup section */

/* Begin XCBuildConfiguration section */
		9AB64E001DDDE20F0061D992 /* Debug */ = {
			isa = XCBuildConfiguration;
			buildSettings = {
				ALWAYS_SEARCH_USER_PATHS = NO;
				CLANG_ANALYZER_NONNULL = YES;
				CLANG_CXX_LANGUAGE_STANDARD = "gnu++0x";
				CLANG_CXX_LIBRARY = "libc++";
				CLANG_ENABLE_MODULES = YES;
				CLANG_ENABLE_OBJC_ARC = YES;
				CLANG_WARN_BOOL_CONVERSION = YES;
				CLANG_WARN_CONSTANT_CONVERSION = YES;
				CLANG_WARN_DIRECT_OBJC_ISA_USAGE = YES_ERROR;
				CLANG_WARN_DOCUMENTATION_COMMENTS = YES;
				CLANG_WARN_EMPTY_BODY = YES;
				CLANG_WARN_ENUM_CONVERSION = YES;
				CLANG_WARN_INFINITE_RECURSION = YES;
				CLANG_WARN_INT_CONVERSION = YES;
				CLANG_WARN_OBJC_ROOT_CLASS = YES_ERROR;
				CLANG_WARN_SUSPICIOUS_MOVES = YES;
				CLANG_WARN_UNREACHABLE_CODE = YES;
				CLANG_WARN__DUPLICATE_METHOD_MATCH = YES;
				"CODE_SIGN_IDENTITY[sdk=iphoneos*]" = "iPhone Developer";
				COPY_PHASE_STRIP = NO;
				DEBUG_INFORMATION_FORMAT = dwarf;
				ENABLE_STRICT_OBJC_MSGSEND = YES;
				ENABLE_TESTABILITY = YES;
				GCC_C_LANGUAGE_STANDARD = gnu99;
				GCC_DYNAMIC_NO_PIC = NO;
				GCC_NO_COMMON_BLOCKS = YES;
				GCC_OPTIMIZATION_LEVEL = 0;
				GCC_PREPROCESSOR_DEFINITIONS = (
					"DEBUG=1",
					"$(inherited)",
				);
				GCC_WARN_64_TO_32_BIT_CONVERSION = YES;
				GCC_WARN_ABOUT_RETURN_TYPE = YES_ERROR;
				GCC_WARN_UNDECLARED_SELECTOR = YES;
				GCC_WARN_UNINITIALIZED_AUTOS = YES_AGGRESSIVE;
				GCC_WARN_UNUSED_FUNCTION = YES;
				GCC_WARN_UNUSED_VARIABLE = YES;
				IPHONEOS_DEPLOYMENT_TARGET = 10.0;
				MTL_ENABLE_DEBUG_INFO = YES;
				ONLY_ACTIVE_ARCH = YES;
				SDKROOT = iphoneos;
				SWIFT_ACTIVE_COMPILATION_CONDITIONS = DEBUG;
				SWIFT_OPTIMIZATION_LEVEL = "-Onone";
				TARGETED_DEVICE_FAMILY = "1,2";
			};
			name = Debug;
		};
		9AB64E011DDDE20F0061D992 /* Release */ = {
			isa = XCBuildConfiguration;
			buildSettings = {
				ALWAYS_SEARCH_USER_PATHS = NO;
				CLANG_ANALYZER_NONNULL = YES;
				CLANG_CXX_LANGUAGE_STANDARD = "gnu++0x";
				CLANG_CXX_LIBRARY = "libc++";
				CLANG_ENABLE_MODULES = YES;
				CLANG_ENABLE_OBJC_ARC = YES;
				CLANG_WARN_BOOL_CONVERSION = YES;
				CLANG_WARN_CONSTANT_CONVERSION = YES;
				CLANG_WARN_DIRECT_OBJC_ISA_USAGE = YES_ERROR;
				CLANG_WARN_DOCUMENTATION_COMMENTS = YES;
				CLANG_WARN_EMPTY_BODY = YES;
				CLANG_WARN_ENUM_CONVERSION = YES;
				CLANG_WARN_INFINITE_RECURSION = YES;
				CLANG_WARN_INT_CONVERSION = YES;
				CLANG_WARN_OBJC_ROOT_CLASS = YES_ERROR;
				CLANG_WARN_SUSPICIOUS_MOVES = YES;
				CLANG_WARN_UNREACHABLE_CODE = YES;
				CLANG_WARN__DUPLICATE_METHOD_MATCH = YES;
				"CODE_SIGN_IDENTITY[sdk=iphoneos*]" = "iPhone Developer";
				COPY_PHASE_STRIP = NO;
				DEBUG_INFORMATION_FORMAT = "dwarf-with-dsym";
				ENABLE_NS_ASSERTIONS = NO;
				ENABLE_STRICT_OBJC_MSGSEND = YES;
				GCC_C_LANGUAGE_STANDARD = gnu99;
				GCC_NO_COMMON_BLOCKS = YES;
				GCC_WARN_64_TO_32_BIT_CONVERSION = YES;
				GCC_WARN_ABOUT_RETURN_TYPE = YES_ERROR;
				GCC_WARN_UNDECLARED_SELECTOR = YES;
				GCC_WARN_UNINITIALIZED_AUTOS = YES_AGGRESSIVE;
				GCC_WARN_UNUSED_FUNCTION = YES;
				GCC_WARN_UNUSED_VARIABLE = YES;
				IPHONEOS_DEPLOYMENT_TARGET = 10.0;
				MTL_ENABLE_DEBUG_INFO = NO;
				SDKROOT = iphoneos;
				SWIFT_OPTIMIZATION_LEVEL = "-Owholemodule";
				TARGETED_DEVICE_FAMILY = "1,2";
				VALIDATE_PRODUCT = YES;
			};
			name = Release;
		};
		9AB64E031DDDE20F0061D992 /* Debug */ = {
			isa = XCBuildConfiguration;
			baseConfigurationReference = DC94BBC9D5D561C36CC66792 /* Pods-TestTask.debug.xcconfig */;
			buildSettings = {
				ASSETCATALOG_COMPILER_APPICON_NAME = AppIcon;
				INFOPLIST_FILE = TestTask/Info.plist;
				LD_RUNPATH_SEARCH_PATHS = "$(inherited) @executable_path/Frameworks";
				PRODUCT_BUNDLE_IDENTIFIER = com.mozy.TestTask;
				PRODUCT_NAME = "$(TARGET_NAME)";
				SWIFT_VERSION = 3.0;
			};
			name = Debug;
		};
		9AB64E041DDDE20F0061D992 /* Release */ = {
			isa = XCBuildConfiguration;
			baseConfigurationReference = F1156AF7BEFAB83EA2E850C5 /* Pods-TestTask.release.xcconfig */;
			buildSettings = {
				ASSETCATALOG_COMPILER_APPICON_NAME = AppIcon;
				INFOPLIST_FILE = TestTask/Info.plist;
				LD_RUNPATH_SEARCH_PATHS = "$(inherited) @executable_path/Frameworks";
				PRODUCT_BUNDLE_IDENTIFIER = com.mozy.TestTask;
				PRODUCT_NAME = "$(TARGET_NAME)";
				SWIFT_VERSION = 3.0;
			};
			name = Release;
		};
		9AB64E061DDDE20F0061D992 /* Debug */ = {
			isa = XCBuildConfiguration;
			buildSettings = {
				ALWAYS_EMBED_SWIFT_STANDARD_LIBRARIES = YES;
				BUNDLE_LOADER = "$(TEST_HOST)";
				INFOPLIST_FILE = TestTaskTests/Info.plist;
				LD_RUNPATH_SEARCH_PATHS = "$(inherited) @executable_path/Frameworks @loader_path/Frameworks";
				PRODUCT_BUNDLE_IDENTIFIER = com.mozy.TestTaskTests;
				PRODUCT_NAME = "$(TARGET_NAME)";
				SWIFT_VERSION = 3.0;
				TEST_HOST = "$(BUILT_PRODUCTS_DIR)/TestTask.app/TestTask";
			};
			name = Debug;
		};
		9AB64E071DDDE20F0061D992 /* Release */ = {
			isa = XCBuildConfiguration;
			buildSettings = {
				ALWAYS_EMBED_SWIFT_STANDARD_LIBRARIES = YES;
				BUNDLE_LOADER = "$(TEST_HOST)";
				INFOPLIST_FILE = TestTaskTests/Info.plist;
				LD_RUNPATH_SEARCH_PATHS = "$(inherited) @executable_path/Frameworks @loader_path/Frameworks";
				PRODUCT_BUNDLE_IDENTIFIER = com.mozy.TestTaskTests;
				PRODUCT_NAME = "$(TARGET_NAME)";
				SWIFT_VERSION = 3.0;
				TEST_HOST = "$(BUILT_PRODUCTS_DIR)/TestTask.app/TestTask";
			};
			name = Release;
		};
		9AB64E091DDDE20F0061D992 /* Debug */ = {
			isa = XCBuildConfiguration;
			buildSettings = {
				ALWAYS_EMBED_SWIFT_STANDARD_LIBRARIES = YES;
				INFOPLIST_FILE = TestTaskUITests/Info.plist;
				LD_RUNPATH_SEARCH_PATHS = "$(inherited) @executable_path/Frameworks @loader_path/Frameworks";
				PRODUCT_BUNDLE_IDENTIFIER = com.mozy.TestTaskUITests;
				PRODUCT_NAME = "$(TARGET_NAME)";
				SWIFT_VERSION = 3.0;
				TEST_TARGET_NAME = TestTask;
			};
			name = Debug;
		};
		9AB64E0A1DDDE20F0061D992 /* Release */ = {
			isa = XCBuildConfiguration;
			buildSettings = {
				ALWAYS_EMBED_SWIFT_STANDARD_LIBRARIES = YES;
				INFOPLIST_FILE = TestTaskUITests/Info.plist;
				LD_RUNPATH_SEARCH_PATHS = "$(inherited) @executable_path/Frameworks @loader_path/Frameworks";
				PRODUCT_BUNDLE_IDENTIFIER = com.mozy.TestTaskUITests;
				PRODUCT_NAME = "$(TARGET_NAME)";
				SWIFT_VERSION = 3.0;
				TEST_TARGET_NAME = TestTask;
			};
			name = Release;
		};
/* End XCBuildConfiguration section */

/* Begin XCConfigurationList section */
		9AB64DD51DDDE20F0061D992 /* Build configuration list for PBXProject "TestTask" */ = {
			isa = XCConfigurationList;
			buildConfigurations = (
				9AB64E001DDDE20F0061D992 /* Debug */,
				9AB64E011DDDE20F0061D992 /* Release */,
			);
			defaultConfigurationIsVisible = 0;
			defaultConfigurationName = Release;
		};
		9AB64E021DDDE20F0061D992 /* Build configuration list for PBXNativeTarget "TestTask" */ = {
			isa = XCConfigurationList;
			buildConfigurations = (
				9AB64E031DDDE20F0061D992 /* Debug */,
				9AB64E041DDDE20F0061D992 /* Release */,
			);
			defaultConfigurationIsVisible = 0;
			defaultConfigurationName = Release;
		};
		9AB64E051DDDE20F0061D992 /* Build configuration list for PBXNativeTarget "TestTaskTests" */ = {
			isa = XCConfigurationList;
			buildConfigurations = (
				9AB64E061DDDE20F0061D992 /* Debug */,
				9AB64E071DDDE20F0061D992 /* Release */,
			);
			defaultConfigurationIsVisible = 0;
			defaultConfigurationName = Release;
		};
		9AB64E081DDDE20F0061D992 /* Build configuration list for PBXNativeTarget "TestTaskUITests" */ = {
			isa = XCConfigurationList;
			buildConfigurations = (
				9AB64E091DDDE20F0061D992 /* Debug */,
				9AB64E0A1DDDE20F0061D992 /* Release */,
			);
			defaultConfigurationIsVisible = 0;
			defaultConfigurationName = Release;
		};
/* End XCConfigurationList section */
	};
	rootObject = 9AB64DD21DDDE20F0061D992 /* Project object */;
}
